!Command
command:
- chromatiblock
positional:
- !Positional
  description: 'USAGE: chromatiblock -f genome1.fasta genome2.fasta .... genomeN.fasta
    -o image.svg '
  position: 0
  name: GPLv3
  optional: false
- !Positional
  description: chromatiblock -d /path/to/fasta_directory/ -o image.svg
  position: 1
  name: or
  optional: false
named:
- !Flag
  description: ''
  synonyms:
  - -f
  args: !RepeatFlagArg
    name: genome2.fasta
  optional: true
- !Flag
  description: ''
  synonyms:
  - -l
  args: !SimpleFlagArg
    name: ORDER_LIST
  optional: true
- !Flag
  description: ''
  synonyms:
  - -d
  args: !SimpleFlagArg
    name: INPUT_DIRECTORY
  optional: true
parent:
subcommands: []
usage: []
help_flag: !Flag
  description: "show this help message and exit\n-d INPUT_DIRECTORY, --input_directory\
    \ INPUT_DIRECTORY\nDirectory of fasta files to use as input.\n-l ORDER_LIST, --order_list\
    \ ORDER_LIST\nList of fasta files in desired order.\n-f FASTA_FILES [FASTA_FILES\
    \ ...], --fasta_files FASTA_FILES [FASTA_FILES ...]\nList of fasta/genbank files\
    \ to use as input\n-w WORKING_DIRECTORY, --working_directory WORKING_DIRECTORY\n\
    Folder to write intermediate files.\n-s SIBELIA_PATH, --sibelia_path SIBELIA_PATH\n\
    Specify path to sibelia (does not need to be set if\nSibelia binary is in path).\n\
    -sm SIBELIA_MODE, --sibelia_mode SIBELIA_MODE\nmode for running sibelia <loose|fine|far>\n\
    -o OUT, --out OUT     Location to write output (options\n*.svg/*.html/*.png/*.pdf)\
    \ will default to svg (and add\nextension).\n-q PPI, --ppi PPI     pixels per\
    \ inch (only used for png, figure width is 8\ninches)\n-m MIN_BLOCK_SIZE, --min_block_size\
    \ MIN_BLOCK_SIZE\nMinimum size of syntenic block.\n-c CATEGORISE, --categorise\
    \ CATEGORISE\ncolor blocks by category\n-gb GENES_OF_INTEREST_BLAST, --genes_of_interest_blast\
    \ GENES_OF_INTEREST_BLAST\nmark genes of interest using BLASTx\n-gf GENES_OF_INTEREST_FILE,\
    \ --genes_of_interest_file GENES_OF_INTEREST_FILE\nmark genes of interest using\
    \ a file\n-gh GENOME_HEIGHT, --genome_height GENOME_HEIGHT\nHeight of genome blocks\n\
    -vg GAP, --gap GAP    gap between genomes\n-ss, --skip_sibelia   Use sibelia output\
    \ already in working directory\n-sb, --skip_blast     use existing BLASTx file\
    \ for annotation\n-maf MAF_ALIGNMENT, --maf_alignment MAF_ALIGNMENT\nuse a maf\
    \ file for alignment.\n-pz SVG_PAN_ZOOM_LOCATION, --svg_pan_zoom_location SVG_PAN_ZOOM_LOCATION\n\
    location of svg-pan-zoom.min.js\n-v, --version         print version and exit\n\
    -hs HUE_START, --hue_start HUE_START\n-he HUE_END, --hue_end HUE_END"
  synonyms:
  - -h
  - --help
  args: !EmptyFlagArg {}
  optional: true
usage_flag:
version_flag:
help_text: "usage: chromatiblock 0.4.2 [-h] [-d INPUT_DIRECTORY] [-l ORDER_LIST]\n\
  \                           [-f FASTA_FILES [FASTA_FILES ...]]\n               \
  \            [-w WORKING_DIRECTORY] [-s SIBELIA_PATH]\n                        \
  \   [-sm SIBELIA_MODE] [-o OUT] [-q PPI]\n                           [-m MIN_BLOCK_SIZE]\
  \ [-c CATEGORISE]\n                           [-gb GENES_OF_INTEREST_BLAST]\n  \
  \                         [-gf GENES_OF_INTEREST_FILE] [-gh GENOME_HEIGHT]\n   \
  \                        [-vg GAP] [-ss] [-sb] [-maf MAF_ALIGNMENT]\n          \
  \                 [-pz SVG_PAN_ZOOM_LOCATION] [-v] [-hs HUE_START]\n           \
  \                [-he HUE_END]\n\nchromatiblock: Large scale whole genome visualisation\
  \ using colinear blocks.\n\nVersion: 0.4.2\nLicense: GPLv3\n\nUSAGE: chromatiblock\
  \ -f genome1.fasta genome2.fasta .... genomeN.fasta -o image.svg \n\n        or\n\
  \     \n       chromatiblock -d /path/to/fasta_directory/ -o image.svg\n\noptional\
  \ arguments:\n  -h, --help            show this help message and exit\n  -d INPUT_DIRECTORY,\
  \ --input_directory INPUT_DIRECTORY\n                        Directory of fasta\
  \ files to use as input.\n  -l ORDER_LIST, --order_list ORDER_LIST\n           \
  \             List of fasta files in desired order.\n  -f FASTA_FILES [FASTA_FILES\
  \ ...], --fasta_files FASTA_FILES [FASTA_FILES ...]\n                        List\
  \ of fasta/genbank files to use as input\n  -w WORKING_DIRECTORY, --working_directory\
  \ WORKING_DIRECTORY\n                        Folder to write intermediate files.\n\
  \  -s SIBELIA_PATH, --sibelia_path SIBELIA_PATH\n                        Specify\
  \ path to sibelia (does not need to be set if\n                        Sibelia binary\
  \ is in path).\n  -sm SIBELIA_MODE, --sibelia_mode SIBELIA_MODE\n              \
  \          mode for running sibelia <loose|fine|far>\n  -o OUT, --out OUT     Location\
  \ to write output (options\n                        *.svg/*.html/*.png/*.pdf) will\
  \ default to svg (and add\n                        extension).\n  -q PPI, --ppi\
  \ PPI     pixels per inch (only used for png, figure width is 8\n              \
  \          inches)\n  -m MIN_BLOCK_SIZE, --min_block_size MIN_BLOCK_SIZE\n     \
  \                   Minimum size of syntenic block.\n  -c CATEGORISE, --categorise\
  \ CATEGORISE\n                        color blocks by category\n  -gb GENES_OF_INTEREST_BLAST,\
  \ --genes_of_interest_blast GENES_OF_INTEREST_BLAST\n                        mark\
  \ genes of interest using BLASTx\n  -gf GENES_OF_INTEREST_FILE, --genes_of_interest_file\
  \ GENES_OF_INTEREST_FILE\n                        mark genes of interest using a\
  \ file\n  -gh GENOME_HEIGHT, --genome_height GENOME_HEIGHT\n                   \
  \     Height of genome blocks\n  -vg GAP, --gap GAP    gap between genomes\n  -ss,\
  \ --skip_sibelia   Use sibelia output already in working directory\n  -sb, --skip_blast\
  \     use existing BLASTx file for annotation\n  -maf MAF_ALIGNMENT, --maf_alignment\
  \ MAF_ALIGNMENT\n                        use a maf file for alignment.\n  -pz SVG_PAN_ZOOM_LOCATION,\
  \ --svg_pan_zoom_location SVG_PAN_ZOOM_LOCATION\n                        location\
  \ of svg-pan-zoom.min.js\n  -v, --version         print version and exit\n  -hs\
  \ HUE_START, --hue_start HUE_START\n  -he HUE_END, --hue_end HUE_END\n\nThanks for\
  \ using chromatiblock\n"
generated_using:
- --help
