!Command
positional: []
named:
- !Flag
  description: ''
  synonyms:
  - -Vv
  args: !EmptyFlagArg {}
  optional: true
command:
- db_deadlock
parent:
subcommands: []
help_flag:
usage_flag:
version_flag:
help_text: "db_deadlock: invalid option -- '-'\nusage: db_deadlock [-Vv] [-a e | m\
  \ | n | o | W | w | y]\n\t[-h home] [-L file] [-P password] [-t sec.usec]\n"
generated_using:
- --help
