!Command
command:
- chromatiblock
positional:
- !Positional
  description: 'USAGE: chromatiblock -f genome1.fasta genome2.fasta .... genomeN.fasta
    -o image.svg '
  position: 0
  name: GPLv3
  optional: false
- !Positional
  description: chromatiblock -d /path/to/fasta_directory/ -o image.svg
  position: 1
  name: or
  optional: false
named:
- !Flag
  description: Directory of fasta files to use as input.
  synonyms:
  - -d
  - --input_directory
  args: !SimpleFlagArg
    name: INPUT_DIRECTORY
  optional: true
- !Flag
  description: List of fasta files in desired order.
  synonyms:
  - -l
  - --order_list
  args: !SimpleFlagArg
    name: ORDER_LIST
  optional: true
- !Flag
  description: List of fasta/genbank files to use as input
  synonyms:
  - -f
  - --fasta_files
  args: !RepeatFlagArg
    name: FASTA_FILES
  optional: true
- !Flag
  description: Folder to write intermediate files.
  synonyms:
  - -w
  - --working_directory
  args: !SimpleFlagArg
    name: WORKING_DIRECTORY
  optional: true
- !Flag
  description: "Specify path to sibelia (does not need to be set if\nSibelia binary\
    \ is in path)."
  synonyms:
  - -s
  - --sibelia_path
  args: !SimpleFlagArg
    name: SIBELIA_PATH
  optional: true
- !Flag
  description: mode for running sibelia <loose|fine|far>
  synonyms:
  - -sm
  - --sibelia_mode
  args: !SimpleFlagArg
    name: SIBELIA_MODE
  optional: true
- !Flag
  description: "Location to write output (options\n*.svg/*.html/*.png/*.pdf) will\
    \ default to svg (and add\nextension)."
  synonyms:
  - -o
  - --out
  args: !SimpleFlagArg
    name: OUT
  optional: true
- !Flag
  description: "pixels per inch (only used for png, figure width is 8\ninches)"
  synonyms:
  - -q
  - --ppi
  args: !SimpleFlagArg
    name: PPI
  optional: true
- !Flag
  description: Minimum size of syntenic block.
  synonyms:
  - -m
  - --min_block_size
  args: !SimpleFlagArg
    name: MIN_BLOCK_SIZE
  optional: true
- !Flag
  description: color blocks by category
  synonyms:
  - -c
  - --categorise
  args: !SimpleFlagArg
    name: CATEGORISE
  optional: true
- !Flag
  description: mark genes of interest using BLASTx
  synonyms:
  - -gb
  - --genes_of_interest_blast
  args: !SimpleFlagArg
    name: GENES_OF_INTEREST_BLAST
  optional: true
- !Flag
  description: mark genes of interest using a file
  synonyms:
  - -gf
  - --genes_of_interest_file
  args: !SimpleFlagArg
    name: GENES_OF_INTEREST_FILE
  optional: true
- !Flag
  description: Height of genome blocks
  synonyms:
  - -gh
  - --genome_height
  args: !SimpleFlagArg
    name: GENOME_HEIGHT
  optional: true
- !Flag
  description: gap between genomes
  synonyms:
  - -vg
  - --gap
  args: !SimpleFlagArg
    name: GAP
  optional: true
- !Flag
  description: Use sibelia output already in working directory
  synonyms:
  - -ss
  - --skip_sibelia
  args: !EmptyFlagArg {}
  optional: true
- !Flag
  description: use existing BLASTx file for annotation
  synonyms:
  - -sb
  - --skip_blast
  args: !EmptyFlagArg {}
  optional: true
- !Flag
  description: use a maf file for alignment.
  synonyms:
  - -maf
  - --maf_alignment
  args: !SimpleFlagArg
    name: MAF_ALIGNMENT
  optional: true
- !Flag
  description: location of svg-pan-zoom.min.js
  synonyms:
  - -pz
  - --svg_pan_zoom_location
  args: !SimpleFlagArg
    name: SVG_PAN_ZOOM_LOCATION
  optional: true
- !Flag
  description: ''
  synonyms:
  - -hs
  - --hue_start
  args: !SimpleFlagArg
    name: HUE_START
  optional: true
- !Flag
  description: ''
  synonyms:
  - -he
  - --hue_end
  args: !SimpleFlagArg
    name: HUE_END
  optional: true
parent:
subcommands: []
usage: []
help_flag: !Flag
  description: show this help message and exit
  synonyms:
  - -h
  - --help
  args: !EmptyFlagArg {}
  optional: true
usage_flag:
version_flag: !Flag
  description: print version and exit
  synonyms:
  - -v
  - --version
  args: !EmptyFlagArg {}
  optional: true
help_text: "usage: chromatiblock 0.4.2 [-h] [-d INPUT_DIRECTORY] [-l ORDER_LIST]\n\
  \                           [-f FASTA_FILES [FASTA_FILES ...]]\n               \
  \            [-w WORKING_DIRECTORY] [-s SIBELIA_PATH]\n                        \
  \   [-sm SIBELIA_MODE] [-o OUT] [-q PPI]\n                           [-m MIN_BLOCK_SIZE]\
  \ [-c CATEGORISE]\n                           [-gb GENES_OF_INTEREST_BLAST]\n  \
  \                         [-gf GENES_OF_INTEREST_FILE] [-gh GENOME_HEIGHT]\n   \
  \                        [-vg GAP] [-ss] [-sb] [-maf MAF_ALIGNMENT]\n          \
  \                 [-pz SVG_PAN_ZOOM_LOCATION] [-v] [-hs HUE_START]\n           \
  \                [-he HUE_END]\n\nchromatiblock: Large scale whole genome visualisation\
  \ using colinear blocks.\n\nVersion: 0.4.2\nLicense: GPLv3\n\nUSAGE: chromatiblock\
  \ -f genome1.fasta genome2.fasta .... genomeN.fasta -o image.svg \n\n        or\n\
  \     \n       chromatiblock -d /path/to/fasta_directory/ -o image.svg\n\noptional\
  \ arguments:\n  -h, --help            show this help message and exit\n  -d INPUT_DIRECTORY,\
  \ --input_directory INPUT_DIRECTORY\n                        Directory of fasta\
  \ files to use as input.\n  -l ORDER_LIST, --order_list ORDER_LIST\n           \
  \             List of fasta files in desired order.\n  -f FASTA_FILES [FASTA_FILES\
  \ ...], --fasta_files FASTA_FILES [FASTA_FILES ...]\n                        List\
  \ of fasta/genbank files to use as input\n  -w WORKING_DIRECTORY, --working_directory\
  \ WORKING_DIRECTORY\n                        Folder to write intermediate files.\n\
  \  -s SIBELIA_PATH, --sibelia_path SIBELIA_PATH\n                        Specify\
  \ path to sibelia (does not need to be set if\n                        Sibelia binary\
  \ is in path).\n  -sm SIBELIA_MODE, --sibelia_mode SIBELIA_MODE\n              \
  \          mode for running sibelia <loose|fine|far>\n  -o OUT, --out OUT     Location\
  \ to write output (options\n                        *.svg/*.html/*.png/*.pdf) will\
  \ default to svg (and add\n                        extension).\n  -q PPI, --ppi\
  \ PPI     pixels per inch (only used for png, figure width is 8\n              \
  \          inches)\n  -m MIN_BLOCK_SIZE, --min_block_size MIN_BLOCK_SIZE\n     \
  \                   Minimum size of syntenic block.\n  -c CATEGORISE, --categorise\
  \ CATEGORISE\n                        color blocks by category\n  -gb GENES_OF_INTEREST_BLAST,\
  \ --genes_of_interest_blast GENES_OF_INTEREST_BLAST\n                        mark\
  \ genes of interest using BLASTx\n  -gf GENES_OF_INTEREST_FILE, --genes_of_interest_file\
  \ GENES_OF_INTEREST_FILE\n                        mark genes of interest using a\
  \ file\n  -gh GENOME_HEIGHT, --genome_height GENOME_HEIGHT\n                   \
  \     Height of genome blocks\n  -vg GAP, --gap GAP    gap between genomes\n  -ss,\
  \ --skip_sibelia   Use sibelia output already in working directory\n  -sb, --skip_blast\
  \     use existing BLASTx file for annotation\n  -maf MAF_ALIGNMENT, --maf_alignment\
  \ MAF_ALIGNMENT\n                        use a maf file for alignment.\n  -pz SVG_PAN_ZOOM_LOCATION,\
  \ --svg_pan_zoom_location SVG_PAN_ZOOM_LOCATION\n                        location\
  \ of svg-pan-zoom.min.js\n  -v, --version         print version and exit\n  -hs\
  \ HUE_START, --hue_start HUE_START\n  -he HUE_END, --hue_end HUE_END\n\nThanks for\
  \ using chromatiblock\n"
generated_using:
- --help
